
Microsoft Visual Studio Solution File, Format Version 12.00
# Visual Studio Version 16
VisualStudioVersion = 16.0.29728.190
MinimumVisualStudioVersion = 10.0.40219.1
Project("{FAE04EC0-301F-11D3-BF4B-00C04F79EFBC}") = "MapEntityExemple", "MapEntityExemple.csproj", "{9175BEE6-2FB8-4216-AFA9-EBAEAC97210A}"
EndProject
Global
	GlobalSection(SolutionConfigurationPlatforms) = preSolution
		Debug|Any CPU = Debug|Any CPU
		Release|Any CPU = Release|Any CPU
	EndGlobalSection
	GlobalSection(ProjectConfigurationPlatforms) = postSolution
		{9175BEE6-2FB8-4216-AFA9-EBAEAC97210A}.Debug|Any CPU.ActiveCfg = Debug|Any CPU
		{9175BEE6-2FB8-4216-AFA9-EBAEAC97210A}.Debug|Any CPU.Build.0 = Debug|Any CPU
		{9175BEE6-2FB8-4216-AFA9-EBAEAC97210A}.Release|Any CPU.ActiveCfg = Release|Any CPU
		{9175BEE6-2FB8-4216-AFA9-EBAEAC97210A}.Release|Any CPU.Build.0 = Release|Any CPU
	EndGlobalSection
	GlobalSection(SolutionProperties) = preSolution
		HideSolutionNode = FALSE
	EndGlobalSection
	GlobalSection(ExtensibilityGlobals) = postSolution
		SolutionGuid = {0494932A-E0FD-4EFD-8AAD-6BFB58282634}
	EndGlobalSection
EndGlobal
